
Microsoft Visual Studio Solution File, Format Version 12.00
# Visual Studio Version 17
VisualStudioVersion = 17.8.34330.188
MinimumVisualStudioVersion = 10.0.40219.1
Project("{9A19103F-16F7-4668-BE54-9A1E7A4F7556}") = "Movies.API", "Movies.API\Movies.API.csproj", "{35EF0C39-35CF-406E-B42E-D45B246A486B}"
EndProject
Project("{9A19103F-16F7-4668-BE54-9A1E7A4F7556}") = "Movies.Domain", "Movie.Domain\Movies.Domain.csproj", "{CAA38F3D-DD78-4B74-B29F-3E23A34C527D}"
EndProject
Project("{9A19103F-16F7-4668-BE54-9A1E7A4F7556}") = "Movies.Infrastructure", "Movie.Infrastructure\Movies.Infrastructure.csproj", "{3730CD5E-47C5-4DCA-8F88-6E8F1E30CCF5}"
EndProject
Project("{FAE04EC0-301F-11D3-BF4B-00C04F79EFBC}") = "IdentityServer", "IdentityServer\IdentityServer.csproj", "{F2CA9E6A-01DB-4D8D-8E5C-46CE5CFB74BC}"
EndProject
Global
	GlobalSection(SolutionConfigurationPlatforms) = preSolution
		Debug|Any CPU = Debug|Any CPU
		Release|Any CPU = Release|Any CPU
	EndGlobalSection
	GlobalSection(ProjectConfigurationPlatforms) = postSolution
		{35EF0C39-35CF-406E-B42E-D45B246A486B}.Debug|Any CPU.ActiveCfg = Debug|Any CPU
		{35EF0C39-35CF-406E-B42E-D45B246A486B}.Debug|Any CPU.Build.0 = Debug|Any CPU
		{35EF0C39-35CF-406E-B42E-D45B246A486B}.Release|Any CPU.ActiveCfg = Release|Any CPU
		{35EF0C39-35CF-406E-B42E-D45B246A486B}.Release|Any CPU.Build.0 = Release|Any CPU
		{CAA38F3D-DD78-4B74-B29F-3E23A34C527D}.Debug|Any CPU.ActiveCfg = Debug|Any CPU
		{CAA38F3D-DD78-4B74-B29F-3E23A34C527D}.Debug|Any CPU.Build.0 = Debug|Any CPU
		{CAA38F3D-DD78-4B74-B29F-3E23A34C527D}.Release|Any CPU.ActiveCfg = Release|Any CPU
		{CAA38F3D-DD78-4B74-B29F-3E23A34C527D}.Release|Any CPU.Build.0 = Release|Any CPU
		{3730CD5E-47C5-4DCA-8F88-6E8F1E30CCF5}.Debug|Any CPU.ActiveCfg = Debug|Any CPU
		{3730CD5E-47C5-4DCA-8F88-6E8F1E30CCF5}.Debug|Any CPU.Build.0 = Debug|Any CPU
		{3730CD5E-47C5-4DCA-8F88-6E8F1E30CCF5}.Release|Any CPU.ActiveCfg = Release|Any CPU
		{3730CD5E-47C5-4DCA-8F88-6E8F1E30CCF5}.Release|Any CPU.Build.0 = Release|Any CPU
		{F2CA9E6A-01DB-4D8D-8E5C-46CE5CFB74BC}.Debug|Any CPU.ActiveCfg = Debug|Any CPU
		{F2CA9E6A-01DB-4D8D-8E5C-46CE5CFB74BC}.Debug|Any CPU.Build.0 = Debug|Any CPU
		{F2CA9E6A-01DB-4D8D-8E5C-46CE5CFB74BC}.Release|Any CPU.ActiveCfg = Release|Any CPU
		{F2CA9E6A-01DB-4D8D-8E5C-46CE5CFB74BC}.Release|Any CPU.Build.0 = Release|Any CPU
	EndGlobalSection
	GlobalSection(SolutionProperties) = preSolution
		HideSolutionNode = FALSE
	EndGlobalSection
	GlobalSection(ExtensibilityGlobals) = postSolution
		SolutionGuid = {5421FF52-1B4A-4AA0-990D-53C9F2A836AF}
	EndGlobalSection
EndGlobal
